
Microsoft Visual Studio Solution File, Format Version 12.00
# Visual Studio Version 17
VisualStudioVersion = 17.1.32421.90
MinimumVisualStudioVersion = 10.0.40219.1
Project("{FAE04EC0-301F-11D3-BF4B-00C04F79EFBC}") = "E24", "E24\E24.csproj", "{1AD83724-1F33-476B-B2B9-E8318DE5E2EA}"
EndProject
Global
	GlobalSection(SolutionConfigurationPlatforms) = preSolution
		Debug|Any CPU = Debug|Any CPU
		Release|Any CPU = Release|Any CPU
	EndGlobalSection
	GlobalSection(ProjectConfigurationPlatforms) = postSolution
		{1AD83724-1F33-476B-B2B9-E8318DE5E2EA}.Debug|Any CPU.ActiveCfg = Debug|Any CPU
		{1AD83724-1F33-476B-B2B9-E8318DE5E2EA}.Debug|Any CPU.Build.0 = Debug|Any CPU
		{1AD83724-1F33-476B-B2B9-E8318DE5E2EA}.Release|Any CPU.ActiveCfg = Release|Any CPU
		{1AD83724-1F33-476B-B2B9-E8318DE5E2EA}.Release|Any CPU.Build.0 = Release|Any CPU
	EndGlobalSection
	GlobalSection(SolutionProperties) = preSolution
		HideSolutionNode = FALSE
	EndGlobalSection
	GlobalSection(ExtensibilityGlobals) = postSolution
		SolutionGuid = {8C601277-9F9B-4491-8D12-3BDA97F0D957}
	EndGlobalSection
EndGlobal
